# THIS IS AN AUTOGENERATED FILE. DO NOT EDIT THIS FILE DIRECTLY.
# yarn lockfile v1


validar-telefone@^0.1.0:
  version "0.1.0"
  resolved "https://registry.yarnpkg.com/validar-telefone/-/validar-telefone-0.1.0.tgz#68bfe089df7e0fc80f45a625a794a5f611364e9c"
  integrity sha512-0HMep/pA4JiU5ez1KmTvs6ctluctX/9PkTxmRW3CD7ECPGUvdHoFfuHmQ2u/lWHLfh5kbqwb1bNqCescensifA==
